{
  "name": "fb_demo_metrics",
  "version": "1.0.0",
  "lockfileVersion": 3,
  "requires": true,
  "packages": {
    "": {
      "name": "fb_demo_metrics",
      "version": "1.0.0",
      "license": "ISC",
      "dependencies": {
        "@opentelemetry/api": "^1.9.0",
        "@opentelemetry/exporter-metrics-otlp-proto": "^0.51.0",
        "@opentelemetry/exporter-trace-otlp-proto": "^0.51.0",
        "@opentelemetry/resources": "^1.30.1",
        "@opentelemetry/sdk-metrics": "^1.30.1",
        "@opentelemetry/sdk-trace-node": "^1.30.1",
        "@opentelemetry/semantic-conventions": "^1.39.0"
      }
    },
    "node_modules/@opentelemetry/api": {
      "version": "1.9.0",
      "resolved": "https://registry.npmjs.org/@opentelemetry/api/-/api-1.9.0.tgz",
      "integrity": "sha512-3giAOQvZiH5F9bMlMiv8+GSPMeqg0dbaeo58/0SlA9sxSqZhnUtxzX9/2FzyhS9sWQf5S0GJE0AKBrFqjpeYcg==",
      "license": "Apache-2.0",
      "engines": {
        "node": ">=8.0.0"
      }
    },
    "node_modules/@opentelemetry/api-logs": {
      "version": "0.51.1",
      "resolved": "https://registry.npmjs.org/@opentelemetry/api-logs/-/api-logs-0.51.1.tgz",
      "integrity": "sha512-E3skn949Pk1z2XtXu/lxf6QAZpawuTM/IUEXcAzpiUkTd73Hmvw26FiN3cJuTmkpM5hZzHwkomVdtrh/n/zzwA==",
      "license": "Apache-2.0",
      "dependencies": {
        "@opentelemetry/api": "^1.0.0"
      },
      "engines": {
        "node": ">=14"
      }
    },
    "node_modules/@opentelemetry/context-async-hooks": {
      "version": "1.30.1",
      "resolved": "https://registry.npmjs.org/@opentelemetry/context-async-hooks/-/context-async-hooks-1.30.1.tgz",
      "integrity": "sha512-s5vvxXPVdjqS3kTLKMeBMvop9hbWkwzBpu+mUO2M7sZtlkyDJGwFe33wRKnbaYDo8ExRVBIIdwIGrqpxHuKttA==",
      "license": "Apache-2.0",
      "engines": {
        "node": ">=14"
      },
      "peerDependencies": {
        "@opentelemetry/api": ">=1.0.0 <1.10.0"
      }
    },
    "node_modules/@opentelemetry/core": {
      "version": "1.30.1",
      "resolved": "https://registry.npmjs.org/@opentelemetry/core/-/core-1.30.1.tgz",
      "integrity": "sha512-OOCM2C/QIURhJMuKaekP3TRBxBKxG/TWWA0TL2J6nXUtDnuCtccy49LUJF8xPFXMX+0LMcxFpCo8M9cGY1W6rQ==",
      "license": "Apache-2.0",
      "dependencies": {
        "@opentelemetry/semantic-conventions": "1.28.0"
      },
      "engines": {
        "node": ">=14"
      },
      "peerDependencies": {
        "@opentelemetry/api": ">=1.0.0 <1.10.0"
      }
    },
    "node_modules/@opentelemetry/core/node_modules/@opentelemetry/semantic-conventions": {
      "version": "1.28.0",
      "resolved": "https://registry.npmjs.org/@opentelemetry/semantic-conventions/-/semantic-conventions-1.28.0.tgz",
      "integrity": "sha512-lp4qAiMTD4sNWW4DbKLBkfiMZ4jbAboJIGOQr5DvciMRI494OapieI9qiODpOt0XBr1LjIDy1xAGAnVs5supTA==",
      "license": "Apache-2.0",
      "engines": {
        "node": ">=14"
      }
    },
    "node_modules/@opentelemetry/exporter-metrics-otlp-http": {
      "version": "0.51.1",
      "resolved": "https://registry.npmjs.org/@opentelemetry/exporter-metrics-otlp-http/-/exporter-metrics-otlp-http-0.51.1.tgz",
      "integrity": "sha512-oFXvif9iksHUxrzG3P8ohMLt7xSrl+oDMqxD/3XXndU761RFAKSbRDpfrQs25U5D+A2aMV3qk+4kfUWdJhZ77g==",
      "license": "Apache-2.0",
      "dependencies": {
        "@opentelemetry/core": "1.24.1",
        "@opentelemetry/otlp-exporter-base": "0.51.1",
        "@opentelemetry/otlp-transformer": "0.51.1",
        "@opentelemetry/resources": "1.24.1",
        "@opentelemetry/sdk-metrics": "1.24.1"
      },
      "engines": {
        "node": ">=14"
      },
      "peerDependencies": {
        "@opentelemetry/api": "^1.3.0"
      }
    },
    "node_modules/@opentelemetry/exporter-metrics-otlp-http/node_modules/@opentelemetry/core": {
      "version": "1.24.1",
      "resolved": "https://registry.npmjs.org/@opentelemetry/core/-/core-1.24.1.tgz",
      "integrity": "sha512-wMSGfsdmibI88K9wB498zXY04yThPexo8jvwNNlm542HZB7XrrMRBbAyKJqG8qDRJwIBdBrPMi4V9ZPW/sqrcg==",
      "license": "Apache-2.0",
      "dependencies": {
        "@opentelemetry/semantic-conventions": "1.24.1"
      },
      "engines": {
        "node": ">=14"
      },
      "peerDependencies": {
        "@opentelemetry/api": ">=1.0.0 <1.9.0"
      }
    },
    "node_modules/@opentelemetry/exporter-metrics-otlp-http/node_modules/@opentelemetry/otlp-transformer": {
      "version": "0.51.1",
      "resolved": "https://registry.npmjs.org/@opentelemetry/otlp-transformer/-/otlp-transformer-0.51.1.tgz",
      "integrity": "sha512-OppYOXwV9LQqqtYUCywqoOqX/JT9LQ5/FMuPZ//eTkvuHdUC4ZMwz2c6uSoT2R90GWvvGnF1iEqTGyTT3xAt2Q==",
      "license": "Apache-2.0",
      "dependencies": {
        "@opentelemetry/api-logs": "0.51.1",
        "@opentelemetry/core": "1.24.1",
        "@opentelemetry/resources": "1.24.1",
        "@opentelemetry/sdk-logs": "0.51.1",
        "@opentelemetry/sdk-metrics": "1.24.1",
        "@opentelemetry/sdk-trace-base": "1.24.1"
      },
      "engines": {
        "node": ">=14"
      },
      "peerDependencies": {
        "@opentelemetry/api": ">=1.3.0 <1.9.0"
      }
    },
    "node_modules/@opentelemetry/exporter-metrics-otlp-http/node_modules/@opentelemetry/otlp-transformer/node_modules/@opentelemetry/sdk-logs": {
      "version": "0.51.1",
      "resolved": "https://registry.npmjs.org/@opentelemetry/sdk-logs/-/sdk-logs-0.51.1.tgz",
      "integrity": "sha512-ULQQtl82b673PpZc5/0EtH4V+BrwVOgKJZEB7tYZnGTG3I98tQVk89S9/JSixomDr++F4ih+LSJTCqIKBz+MQQ==",
      "license": "Apache-2.0",
      "dependencies": {
        "@opentelemetry/core": "1.24.1",
        "@opentelemetry/resources": "1.24.1"
      },
      "engines": {
        "node": ">=14"
      },
      "peerDependencies": {
        "@opentelemetry/api": ">=1.4.0 <1.9.0",
        "@opentelemetry/api-logs": ">=0.39.1"
      }
    },
    "node_modules/@opentelemetry/exporter-metrics-otlp-http/node_modules/@opentelemetry/otlp-transformer/node_modules/@opentelemetry/sdk-trace-base": {
      "version": "1.24.1",
      "resolved": "https://registry.npmjs.org/@opentelemetry/sdk-trace-base/-/sdk-trace-base-1.24.1.tgz",
      "integrity": "sha512-zz+N423IcySgjihl2NfjBf0qw1RWe11XIAWVrTNOSSI6dtSPJiVom2zipFB2AEEtJWpv0Iz6DY6+TjnyTV5pWg==",
      "license": "Apache-2.0",
      "dependencies": {
        "@opentelemetry/core": "1.24.1",
        "@opentelemetry/resources": "1.24.1",
        "@opentelemetry/semantic-conventions": "1.24.1"
      },
      "engines": {
        "node": ">=14"
      },
      "peerDependencies": {
        "@opentelemetry/api": ">=1.0.0 <1.9.0"
      }
    },
    "node_modules/@opentelemetry/exporter-metrics-otlp-http/node_modules/@opentelemetry/resources": {
      "version": "1.24.1",
      "resolved": "https://registry.npmjs.org/@opentelemetry/resources/-/resources-1.24.1.tgz",
      "integrity": "sha512-cyv0MwAaPF7O86x5hk3NNgenMObeejZFLJJDVuSeSMIsknlsj3oOZzRv3qSzlwYomXsICfBeFFlxwHQte5mGXQ==",
      "license": "Apache-2.0",
      "dependencies": {
        "@opentelemetry/core": "1.24.1",
        "@opentelemetry/semantic-conventions": "1.24.1"
      },
      "engines": {
        "node": ">=14"
      },
      "peerDependencies": {
        "@opentelemetry/api": ">=1.0.0 <1.9.0"
      }
    },
    "node_modules/@opentelemetry/exporter-metrics-otlp-http/node_modules/@opentelemetry/sdk-metrics": {
      "version": "1.24.1",
      "resolved": "https://registry.npmjs.org/@opentelemetry/sdk-metrics/-/sdk-metrics-1.24.1.tgz",
      "integrity": "sha512-FrAqCbbGao9iKI+Mgh+OsC9+U2YMoXnlDHe06yH7dvavCKzE3S892dGtX54+WhSFVxHR/TMRVJiK/CV93GR0TQ==",
      "license": "Apache-2.0",
      "dependencies": {
        "@opentelemetry/core": "1.24.1",
        "@opentelemetry/resources": "1.24.1",
        "lodash.merge": "^4.6.2"
      },
      "engines": {
        "node": ">=14"
      },
      "peerDependencies": {
        "@opentelemetry/api": ">=1.3.0 <1.9.0"
      }
    },
    "node_modules/@opentelemetry/exporter-metrics-otlp-http/node_modules/@opentelemetry/semantic-conventions": {
      "version": "1.24.1",
      "resolved": "https://registry.npmjs.org/@opentelemetry/semantic-conventions/-/semantic-conventions-1.24.1.tgz",
      "integrity": "sha512-VkliWlS4/+GHLLW7J/rVBA00uXus1SWvwFvcUDxDwmFxYfg/2VI6ekwdXS28cjI8Qz2ky2BzG8OUHo+WeYIWqw==",
      "license": "Apache-2.0",
      "engines": {
        "node": ">=14"
      }
    },
    "node_modules/@opentelemetry/exporter-metrics-otlp-proto": {
      "version": "0.51.1",
      "resolved": "https://registry.npmjs.org/@opentelemetry/exporter-metrics-otlp-proto/-/exporter-metrics-otlp-proto-0.51.1.tgz",
      "integrity": "sha512-jhj8xD6S4cydXGCuf2tp56+4QI0DbDH6g+0MiPPJVdXjxLj+iycQuqB2cwljWpByblFaOjyUsL/VKtm8C7sQ9A==",
      "license": "Apache-2.0",
      "dependencies": {
        "@opentelemetry/core": "1.24.1",
        "@opentelemetry/exporter-metrics-otlp-http": "0.51.1",
        "@opentelemetry/otlp-exporter-base": "0.51.1",
        "@opentelemetry/otlp-proto-exporter-base": "0.51.1",
        "@opentelemetry/otlp-transformer": "0.51.1",
        "@opentelemetry/resources": "1.24.1",
        "@opentelemetry/sdk-metrics": "1.24.1"
      },
      "engines": {
        "node": ">=14"
      },
      "peerDependencies": {
        "@opentelemetry/api": "^1.3.0"
      }
    },
    "node_modules/@opentelemetry/exporter-metrics-otlp-proto/node_modules/@opentelemetry/core": {
      "version": "1.24.1",
      "resolved": "https://registry.npmjs.org/@opentelemetry/core/-/core-1.24.1.tgz",
      "integrity": "sha512-wMSGfsdmibI88K9wB498zXY04yThPexo8jvwNNlm542HZB7XrrMRBbAyKJqG8qDRJwIBdBrPMi4V9ZPW/sqrcg==",
      "license": "Apache-2.0",
      "dependencies": {
        "@opentelemetry/semantic-conventions": "1.24.1"
      },
      "engines": {
        "node": ">=14"
      },
      "peerDependencies": {
        "@opentelemetry/api": ">=1.0.0 <1.9.0"
      }
    },
    "node_modules/@opentelemetry/exporter-metrics-otlp-proto/node_modules/@opentelemetry/otlp-transformer": {
      "version": "0.51.1",
      "resolved": "https://registry.npmjs.org/@opentelemetry/otlp-transformer/-/otlp-transformer-0.51.1.tgz",
      "integrity": "sha512-OppYOXwV9LQqqtYUCywqoOqX/JT9LQ5/FMuPZ//eTkvuHdUC4ZMwz2c6uSoT2R90GWvvGnF1iEqTGyTT3xAt2Q==",
      "license": "Apache-2.0",
      "dependencies": {
        "@opentelemetry/api-logs": "0.51.1",
        "@opentelemetry/core": "1.24.1",
        "@opentelemetry/resources": "1.24.1",
        "@opentelemetry/sdk-logs": "0.51.1",
        "@opentelemetry/sdk-metrics": "1.24.1",
        "@opentelemetry/sdk-trace-base": "1.24.1"
      },
      "engines": {
        "node": ">=14"
      },
      "peerDependencies": {
        "@opentelemetry/api": ">=1.3.0 <1.9.0"
      }
    },
    "node_modules/@opentelemetry/exporter-metrics-otlp-proto/node_modules/@opentelemetry/otlp-transformer/node_modules/@opentelemetry/sdk-logs": {
      "version": "0.51.1",
      "resolved": "https://registry.npmjs.org/@opentelemetry/sdk-logs/-/sdk-logs-0.51.1.tgz",
      "integrity": "sha512-ULQQtl82b673PpZc5/0EtH4V+BrwVOgKJZEB7tYZnGTG3I98tQVk89S9/JSixomDr++F4ih+LSJTCqIKBz+MQQ==",
      "license": "Apache-2.0",
      "dependencies": {
        "@opentelemetry/core": "1.24.1",
        "@opentelemetry/resources": "1.24.1"
      },
      "engines": {
        "node": ">=14"
      },
      "peerDependencies": {
        "@opentelemetry/api": ">=1.4.0 <1.9.0",
        "@opentelemetry/api-logs": ">=0.39.1"
      }
    },
    "node_modules/@opentelemetry/exporter-metrics-otlp-proto/node_modules/@opentelemetry/otlp-transformer/node_modules/@opentelemetry/sdk-trace-base": {
      "version": "1.24.1",
      "resolved": "https://registry.npmjs.org/@opentelemetry/sdk-trace-base/-/sdk-trace-base-1.24.1.tgz",
      "integrity": "sha512-zz+N423IcySgjihl2NfjBf0qw1RWe11XIAWVrTNOSSI6dtSPJiVom2zipFB2AEEtJWpv0Iz6DY6+TjnyTV5pWg==",
      "license": "Apache-2.0",
      "dependencies": {
        "@opentelemetry/core": "1.24.1",
        "@opentelemetry/resources": "1.24.1",
        "@opentelemetry/semantic-conventions": "1.24.1"
      },
      "engines": {
        "node": ">=14"
      },
      "peerDependencies": {
        "@opentelemetry/api": ">=1.0.0 <1.9.0"
      }
    },
    "node_modules/@opentelemetry/exporter-metrics-otlp-proto/node_modules/@opentelemetry/resources": {
      "version": "1.24.1",
      "resolved": "https://registry.npmjs.org/@opentelemetry/resources/-/resources-1.24.1.tgz",
      "integrity": "sha512-cyv0MwAaPF7O86x5hk3NNgenMObeejZFLJJDVuSeSMIsknlsj3oOZzRv3qSzlwYomXsICfBeFFlxwHQte5mGXQ==",
      "license": "Apache-2.0",
      "dependencies": {
        "@opentelemetry/core": "1.24.1",
        "@opentelemetry/semantic-conventions": "1.24.1"
      },
      "engines": {
        "node": ">=14"
      },
      "peerDependencies": {
        "@opentelemetry/api": ">=1.0.0 <1.9.0"
      }
    },
    "node_modules/@opentelemetry/exporter-metrics-otlp-proto/node_modules/@opentelemetry/sdk-metrics": {
      "version": "1.24.1",
      "resolved": "https://registry.npmjs.org/@opentelemetry/sdk-metrics/-/sdk-metrics-1.24.1.tgz",
      "integrity": "sha512-FrAqCbbGao9iKI+Mgh+OsC9+U2YMoXnlDHe06yH7dvavCKzE3S892dGtX54+WhSFVxHR/TMRVJiK/CV93GR0TQ==",
      "license": "Apache-2.0",
      "dependencies": {
        "@opentelemetry/core": "1.24.1",
        "@opentelemetry/resources": "1.24.1",
        "lodash.merge": "^4.6.2"
      },
      "engines": {
        "node": ">=14"
      },
      "peerDependencies": {
        "@opentelemetry/api": ">=1.3.0 <1.9.0"
      }
    },
    "node_modules/@opentelemetry/exporter-metrics-otlp-proto/node_modules/@opentelemetry/semantic-conventions": {
      "version": "1.24.1",
      "resolved": "https://registry.npmjs.org/@opentelemetry/semantic-conventions/-/semantic-conventions-1.24.1.tgz",
      "integrity": "sha512-VkliWlS4/+GHLLW7J/rVBA00uXus1SWvwFvcUDxDwmFxYfg/2VI6ekwdXS28cjI8Qz2ky2BzG8OUHo+WeYIWqw==",
      "license": "Apache-2.0",
      "engines": {
        "node": ">=14"
      }
    },
    "node_modules/@opentelemetry/exporter-trace-otlp-proto": {
      "version": "0.51.1",
      "resolved": "https://registry.npmjs.org/@opentelemetry/exporter-trace-otlp-proto/-/exporter-trace-otlp-proto-0.51.1.tgz",
      "integrity": "sha512-SE9f0/6V6EeXC9i+WA4WFjS1EYgaBCpAnI5+lxWvZ7iO7EU1IvHvZhP6Kojr0nLldo83gqg6G7OWFqsID3uF+w==",
      "license": "Apache-2.0",
      "dependencies": {
        "@opentelemetry/core": "1.24.1",
        "@opentelemetry/otlp-exporter-base": "0.51.1",
        "@opentelemetry/otlp-proto-exporter-base": "0.51.1",
        "@opentelemetry/otlp-transformer": "0.51.1",
        "@opentelemetry/resources": "1.24.1",
        "@opentelemetry/sdk-trace-base": "1.24.1"
      },
      "engines": {
        "node": ">=14"
      },
      "peerDependencies": {
        "@opentelemetry/api": "^1.0.0"
      }
    },
    "node_modules/@opentelemetry/exporter-trace-otlp-proto/node_modules/@opentelemetry/core": {
      "version": "1.24.1",
      "resolved": "https://registry.npmjs.org/@opentelemetry/core/-/core-1.24.1.tgz",
      "integrity": "sha512-wMSGfsdmibI88K9wB498zXY04yThPexo8jvwNNlm542HZB7XrrMRBbAyKJqG8qDRJwIBdBrPMi4V9ZPW/sqrcg==",
      "license": "Apache-2.0",
      "dependencies": {
        "@opentelemetry/semantic-conventions": "1.24.1"
      },
      "engines": {
        "node": ">=14"
      },
      "peerDependencies": {
        "@opentelemetry/api": ">=1.0.0 <1.9.0"
      }
    },
    "node_modules/@opentelemetry/exporter-trace-otlp-proto/node_modules/@opentelemetry/otlp-transformer": {
      "version": "0.51.1",
      "resolved": "https://registry.npmjs.org/@opentelemetry/otlp-transformer/-/otlp-transformer-0.51.1.tgz",
      "integrity": "sha512-OppYOXwV9LQqqtYUCywqoOqX/JT9LQ5/FMuPZ//eTkvuHdUC4ZMwz2c6uSoT2R90GWvvGnF1iEqTGyTT3xAt2Q==",
      "license": "Apache-2.0",
      "dependencies": {
        "@opentelemetry/api-logs": "0.51.1",
        "@opentelemetry/core": "1.24.1",
        "@opentelemetry/resources": "1.24.1",
        "@opentelemetry/sdk-logs": "0.51.1",
        "@opentelemetry/sdk-metrics": "1.24.1",
        "@opentelemetry/sdk-trace-base": "1.24.1"
      },
      "engines": {
        "node": ">=14"
      },
      "peerDependencies": {
        "@opentelemetry/api": ">=1.3.0 <1.9.0"
      }
    },
    "node_modules/@opentelemetry/exporter-trace-otlp-proto/node_modules/@opentelemetry/otlp-transformer/node_modules/@opentelemetry/sdk-logs": {
      "version": "0.51.1",
      "resolved": "https://registry.npmjs.org/@opentelemetry/sdk-logs/-/sdk-logs-0.51.1.tgz",
      "integrity": "sha512-ULQQtl82b673PpZc5/0EtH4V+BrwVOgKJZEB7tYZnGTG3I98tQVk89S9/JSixomDr++F4ih+LSJTCqIKBz+MQQ==",
      "license": "Apache-2.0",
      "dependencies": {
        "@opentelemetry/core": "1.24.1",
        "@opentelemetry/resources": "1.24.1"
      },
      "engines": {
        "node": ">=14"
      },
      "peerDependencies": {
        "@opentelemetry/api": ">=1.4.0 <1.9.0",
        "@opentelemetry/api-logs": ">=0.39.1"
      }
    },
    "node_modules/@opentelemetry/exporter-trace-otlp-proto/node_modules/@opentelemetry/otlp-transformer/node_modules/@opentelemetry/sdk-metrics": {
      "version": "1.24.1",
      "resolved": "https://registry.npmjs.org/@opentelemetry/sdk-metrics/-/sdk-metrics-1.24.1.tgz",
      "integrity": "sha512-FrAqCbbGao9iKI+Mgh+OsC9+U2YMoXnlDHe06yH7dvavCKzE3S892dGtX54+WhSFVxHR/TMRVJiK/CV93GR0TQ==",
      "license": "Apache-2.0",
      "dependencies": {
        "@opentelemetry/core": "1.24.1",
        "@opentelemetry/resources": "1.24.1",
        "lodash.merge": "^4.6.2"
      },
      "engines": {
        "node": ">=14"
      },
      "peerDependencies": {
        "@opentelemetry/api": ">=1.3.0 <1.9.0"
      }
    },
    "node_modules/@opentelemetry/exporter-trace-otlp-proto/node_modules/@opentelemetry/resources": {
      "version": "1.24.1",
      "resolved": "https://registry.npmjs.org/@opentelemetry/resources/-/resources-1.24.1.tgz",
      "integrity": "sha512-cyv0MwAaPF7O86x5hk3NNgenMObeejZFLJJDVuSeSMIsknlsj3oOZzRv3qSzlwYomXsICfBeFFlxwHQte5mGXQ==",
      "license": "Apache-2.0",
      "dependencies": {
        "@opentelemetry/core": "1.24.1",
        "@opentelemetry/semantic-conventions": "1.24.1"
      },
      "engines": {
        "node": ">=14"
      },
      "peerDependencies": {
        "@opentelemetry/api": ">=1.0.0 <1.9.0"
      }
    },
    "node_modules/@opentelemetry/exporter-trace-otlp-proto/node_modules/@opentelemetry/sdk-trace-base": {
      "version": "1.24.1",
      "resolved": "https://registry.npmjs.org/@opentelemetry/sdk-trace-base/-/sdk-trace-base-1.24.1.tgz",
      "integrity": "sha512-zz+N423IcySgjihl2NfjBf0qw1RWe11XIAWVrTNOSSI6dtSPJiVom2zipFB2AEEtJWpv0Iz6DY6+TjnyTV5pWg==",
      "license": "Apache-2.0",
      "dependencies": {
        "@opentelemetry/core": "1.24.1",
        "@opentelemetry/resources": "1.24.1",
        "@opentelemetry/semantic-conventions": "1.24.1"
      },
      "engines": {
        "node": ">=14"
      },
      "peerDependencies": {
        "@opentelemetry/api": ">=1.0.0 <1.9.0"
      }
    },
    "node_modules/@opentelemetry/exporter-trace-otlp-proto/node_modules/@opentelemetry/semantic-conventions": {
      "version": "1.24.1",
      "resolved": "https://registry.npmjs.org/@opentelemetry/semantic-conventions/-/semantic-conventions-1.24.1.tgz",
      "integrity": "sha512-VkliWlS4/+GHLLW7J/rVBA00uXus1SWvwFvcUDxDwmFxYfg/2VI6ekwdXS28cjI8Qz2ky2BzG8OUHo+WeYIWqw==",
      "license": "Apache-2.0",
      "engines": {
        "node": ">=14"
      }
    },
    "node_modules/@opentelemetry/otlp-exporter-base": {
      "version": "0.51.1",
      "resolved": "https://registry.npmjs.org/@opentelemetry/otlp-exporter-base/-/otlp-exporter-base-0.51.1.tgz",
      "integrity": "sha512-UYlnOYyDdzo1Gw559EHCzru0RwhvuXCwoH8jGo9J4gO1TE58GjnEmIjomMsKBCym3qWNJfIQXw+9SZCV0DdQNg==",
      "license": "Apache-2.0",
      "dependencies": {
        "@opentelemetry/core": "1.24.1"
      },
      "engines": {
        "node": ">=14"
      },
      "peerDependencies": {
        "@opentelemetry/api": "^1.0.0"
      }
    },
    "node_modules/@opentelemetry/otlp-exporter-base/node_modules/@opentelemetry/core": {
      "version": "1.24.1",
      "resolved": "https://registry.npmjs.org/@opentelemetry/core/-/core-1.24.1.tgz",
      "integrity": "sha512-wMSGfsdmibI88K9wB498zXY04yThPexo8jvwNNlm542HZB7XrrMRBbAyKJqG8qDRJwIBdBrPMi4V9ZPW/sqrcg==",
      "license": "Apache-2.0",
      "dependencies": {
        "@opentelemetry/semantic-conventions": "1.24.1"
      },
      "engines": {
        "node": ">=14"
      },
      "peerDependencies": {
        "@opentelemetry/api": ">=1.0.0 <1.9.0"
      }
    },
    "node_modules/@opentelemetry/otlp-exporter-base/node_modules/@opentelemetry/semantic-conventions": {
      "version": "1.24.1",
      "resolved": "https://registry.npmjs.org/@opentelemetry/semantic-conventions/-/semantic-conventions-1.24.1.tgz",
      "integrity": "sha512-VkliWlS4/+GHLLW7J/rVBA00uXus1SWvwFvcUDxDwmFxYfg/2VI6ekwdXS28cjI8Qz2ky2BzG8OUHo+WeYIWqw==",
      "license": "Apache-2.0",
      "engines": {
        "node": ">=14"
      }
    },
    "node_modules/@opentelemetry/otlp-proto-exporter-base": {
      "version": "0.51.1",
      "resolved": "https://registry.npmjs.org/@opentelemetry/otlp-proto-exporter-base/-/otlp-proto-exporter-base-0.51.1.tgz",
      "integrity": "sha512-gxxxwfk0inDMb5DLeuxQ3L8TtptxSiTNHE4nnAJH34IQXAVRhXSXW1rK8PmDKDngRPIZ6J7ncUCjjIn8b+AgqQ==",
      "deprecated": "Package no longer supported. Contact Support at https://www.npmjs.com/support for more info.",
      "license": "Apache-2.0",
      "dependencies": {
        "@opentelemetry/core": "1.24.1",
        "@opentelemetry/otlp-exporter-base": "0.51.1",
        "protobufjs": "^7.2.3"
      },
      "engines": {
        "node": ">=14"
      },
      "peerDependencies": {
        "@opentelemetry/api": "^1.0.0"
      }
    },
    "node_modules/@opentelemetry/otlp-proto-exporter-base/node_modules/@opentelemetry/core": {
      "version": "1.24.1",
      "resolved": "https://registry.npmjs.org/@opentelemetry/core/-/core-1.24.1.tgz",
      "integrity": "sha512-wMSGfsdmibI88K9wB498zXY04yThPexo8jvwNNlm542HZB7XrrMRBbAyKJqG8qDRJwIBdBrPMi4V9ZPW/sqrcg==",
      "license": "Apache-2.0",
      "dependencies": {
        "@opentelemetry/semantic-conventions": "1.24.1"
      },
      "engines": {
        "node": ">=14"
      },
      "peerDependencies": {
        "@opentelemetry/api": ">=1.0.0 <1.9.0"
      }
    },
    "node_modules/@opentelemetry/otlp-proto-exporter-base/node_modules/@opentelemetry/semantic-conventions": {
      "version": "1.24.1",
      "resolved": "https://registry.npmjs.org/@opentelemetry/semantic-conventions/-/semantic-conventions-1.24.1.tgz",
      "integrity": "sha512-VkliWlS4/+GHLLW7J/rVBA00uXus1SWvwFvcUDxDwmFxYfg/2VI6ekwdXS28cjI8Qz2ky2BzG8OUHo+WeYIWqw==",
      "license": "Apache-2.0",
      "engines": {
        "node": ">=14"
      }
    },
    "node_modules/@opentelemetry/propagator-b3": {
      "version": "1.30.1",
      "resolved": "https://registry.npmjs.org/@opentelemetry/propagator-b3/-/propagator-b3-1.30.1.tgz",
      "integrity": "sha512-oATwWWDIJzybAZ4pO76ATN5N6FFbOA1otibAVlS8v90B4S1wClnhRUk7K+2CHAwN1JKYuj4jh/lpCEG5BAqFuQ==",
      "license": "Apache-2.0",
      "dependencies": {
        "@opentelemetry/core": "1.30.1"
      },
      "engines": {
        "node": ">=14"
      },
      "peerDependencies": {
        "@opentelemetry/api": ">=1.0.0 <1.10.0"
      }
    },
    "node_modules/@opentelemetry/propagator-jaeger": {
      "version": "1.30.1",
      "resolved": "https://registry.npmjs.org/@opentelemetry/propagator-jaeger/-/propagator-jaeger-1.30.1.tgz",
      "integrity": "sha512-Pj/BfnYEKIOImirH76M4hDaBSx6HyZ2CXUqk+Kj02m6BB80c/yo4BdWkn/1gDFfU+YPY+bPR2U0DKBfdxCKwmg==",
      "license": "Apache-2.0",
      "dependencies": {
        "@opentelemetry/core": "1.30.1"
      },
      "engines": {
        "node": ">=14"
      },
      "peerDependencies": {
        "@opentelemetry/api": ">=1.0.0 <1.10.0"
      }
    },
    "node_modules/@opentelemetry/resources": {
      "version": "1.30.1",
      "resolved": "https://registry.npmjs.org/@opentelemetry/resources/-/resources-1.30.1.tgz",
      "integrity": "sha512-5UxZqiAgLYGFjS4s9qm5mBVo433u+dSPUFWVWXmLAD4wB65oMCoXaJP1KJa9DIYYMeHu3z4BZcStG3LC593cWA==",
      "license": "Apache-2.0",
      "dependencies": {
        "@opentelemetry/core": "1.30.1",
        "@opentelemetry/semantic-conventions": "1.28.0"
      },
      "engines": {
        "node": ">=14"
      },
      "peerDependencies": {
        "@opentelemetry/api": ">=1.0.0 <1.10.0"
      }
    },
    "node_modules/@opentelemetry/resources/node_modules/@opentelemetry/semantic-conventions": {
      "version": "1.28.0",
      "resolved": "https://registry.npmjs.org/@opentelemetry/semantic-conventions/-/semantic-conventions-1.28.0.tgz",
      "integrity": "sha512-lp4qAiMTD4sNWW4DbKLBkfiMZ4jbAboJIGOQr5DvciMRI494OapieI9qiODpOt0XBr1LjIDy1xAGAnVs5supTA==",
      "license": "Apache-2.0",
      "engines": {
        "node": ">=14"
      }
    },
    "node_modules/@opentelemetry/sdk-metrics": {
      "version": "1.30.1",
      "resolved": "https://registry.npmjs.org/@opentelemetry/sdk-metrics/-/sdk-metrics-1.30.1.tgz",
      "integrity": "sha512-q9zcZ0Okl8jRgmy7eNW3Ku1XSgg3sDLa5evHZpCwjspw7E8Is4K/haRPDJrBcX3YSn/Y7gUvFnByNYEKQNbNog==",
      "license": "Apache-2.0",
      "dependencies": {
        "@opentelemetry/core": "1.30.1",
        "@opentelemetry/resources": "1.30.1"
      },
      "engines": {
        "node": ">=14"
      },
      "peerDependencies": {
        "@opentelemetry/api": ">=1.3.0 <1.10.0"
      }
    },
    "node_modules/@opentelemetry/sdk-trace-base": {
      "version": "1.30.1",
      "resolved": "https://registry.npmjs.org/@opentelemetry/sdk-trace-base/-/sdk-trace-base-1.30.1.tgz",
      "integrity": "sha512-jVPgBbH1gCy2Lb7X0AVQ8XAfgg0pJ4nvl8/IiQA6nxOsPvS+0zMJaFSs2ltXe0J6C8dqjcnpyqINDJmU30+uOg==",
      "license": "Apache-2.0",
      "dependencies": {
        "@opentelemetry/core": "1.30.1",
        "@opentelemetry/resources": "1.30.1",
        "@opentelemetry/semantic-conventions": "1.28.0"
      },
      "engines": {
        "node": ">=14"
      },
      "peerDependencies": {
        "@opentelemetry/api": ">=1.0.0 <1.10.0"
      }
    },
    "node_modules/@opentelemetry/sdk-trace-base/node_modules/@opentelemetry/semantic-conventions": {
      "version": "1.28.0",
      "resolved": "https://registry.npmjs.org/@opentelemetry/semantic-conventions/-/semantic-conventions-1.28.0.tgz",
      "integrity": "sha512-lp4qAiMTD4sNWW4DbKLBkfiMZ4jbAboJIGOQr5DvciMRI494OapieI9qiODpOt0XBr1LjIDy1xAGAnVs5supTA==",
      "license": "Apache-2.0",
      "engines": {
        "node": ">=14"
      }
    },
    "node_modules/@opentelemetry/sdk-trace-node": {
      "version": "1.30.1",
      "resolved": "https://registry.npmjs.org/@opentelemetry/sdk-trace-node/-/sdk-trace-node-1.30.1.tgz",
      "integrity": "sha512-cBjYOINt1JxXdpw1e5MlHmFRc5fgj4GW/86vsKFxJCJ8AL4PdVtYH41gWwl4qd4uQjqEL1oJVrXkSy5cnduAnQ==",
      "license": "Apache-2.0",
      "dependencies": {
        "@opentelemetry/context-async-hooks": "1.30.1",
        "@opentelemetry/core": "1.30.1",
        "@opentelemetry/propagator-b3": "1.30.1",
        "@opentelemetry/propagator-jaeger": "1.30.1",
        "@opentelemetry/sdk-trace-base": "1.30.1",
        "semver": "^7.5.2"
      },
      "engines": {
        "node": ">=14"
      },
      "peerDependencies": {
        "@opentelemetry/api": ">=1.0.0 <1.10.0"
      }
    },
    "node_modules/@opentelemetry/semantic-conventions": {
      "version": "1.39.0",
      "resolved": "https://registry.npmjs.org/@opentelemetry/semantic-conventions/-/semantic-conventions-1.39.0.tgz",
      "integrity": "sha512-R5R9tb2AXs2IRLNKLBJDynhkfmx7mX0vi8NkhZb3gUkPWHn6HXk5J8iQ/dql0U3ApfWym4kXXmBDRGO+oeOfjg==",
      "license": "Apache-2.0",
      "engines": {
        "node": ">=14"
      }
    },
    "node_modules/@protobufjs/aspromise": {
      "version": "1.1.2",
      "resolved": "https://registry.npmjs.org/@protobufjs/aspromise/-/aspromise-1.1.2.tgz",
      "integrity": "sha512-j+gKExEuLmKwvz3OgROXtrJ2UG2x8Ch2YZUxahh+s1F2HZ+wAceUNLkvy6zKCPVRkU++ZWQrdxsUeQXmcg4uoQ==",
      "license": "BSD-3-Clause"
    },
    "node_modules/@protobufjs/base64": {
      "version": "1.1.2",
      "resolved": "https://registry.npmjs.org/@protobufjs/base64/-/base64-1.1.2.tgz",
      "integrity": "sha512-AZkcAA5vnN/v4PDqKyMR5lx7hZttPDgClv83E//FMNhR2TMcLUhfRUBHCmSl0oi9zMgDDqRUJkSxO3wm85+XLg==",
      "license": "BSD-3-Clause"
    },
    "node_modules/@protobufjs/codegen": {
      "version": "2.0.4",
      "resolved": "https://registry.npmjs.org/@protobufjs/codegen/-/codegen-2.0.4.tgz",
      "integrity": "sha512-YyFaikqM5sH0ziFZCN3xDC7zeGaB/d0IUb9CATugHWbd1FRFwWwt4ld4OYMPWu5a3Xe01mGAULCdqhMlPl29Jg==",
      "license": "BSD-3-Clause"
    },
    "node_modules/@protobufjs/eventemitter": {
      "version": "1.1.0",
      "resolved": "https://registry.npmjs.org/@protobufjs/eventemitter/-/eventemitter-1.1.0.tgz",
      "integrity": "sha512-j9ednRT81vYJ9OfVuXG6ERSTdEL1xVsNgqpkxMsbIabzSo3goCjDIveeGv5d03om39ML71RdmrGNjG5SReBP/Q==",
      "license": "BSD-3-Clause"
    },
    "node_modules/@protobufjs/fetch": {
      "version": "1.1.0",
      "resolved": "https://registry.npmjs.org/@protobufjs/fetch/-/fetch-1.1.0.tgz",
      "integrity": "sha512-lljVXpqXebpsijW71PZaCYeIcE5on1w5DlQy5WH6GLbFryLUrBD4932W/E2BSpfRJWseIL4v/KPgBFxDOIdKpQ==",
      "license": "BSD-3-Clause",
      "dependencies": {
        "@protobufjs/aspromise": "^1.1.1",
        "@protobufjs/inquire": "^1.1.0"
      }
    },
    "node_modules/@protobufjs/float": {
      "version": "1.0.2",
      "resolved": "https://registry.npmjs.org/@protobufjs/float/-/float-1.0.2.tgz",
      "integrity": "sha512-Ddb+kVXlXst9d+R9PfTIxh1EdNkgoRe5tOX6t01f1lYWOvJnSPDBlG241QLzcyPdoNTsblLUdujGSE4RzrTZGQ==",
      "license": "BSD-3-Clause"
    },
    "node_modules/@protobufjs/inquire": {
      "version": "1.1.0",
      "resolved": "https://registry.npmjs.org/@protobufjs/inquire/-/inquire-1.1.0.tgz",
      "integrity": "sha512-kdSefcPdruJiFMVSbn801t4vFK7KB/5gd2fYvrxhuJYg8ILrmn9SKSX2tZdV6V+ksulWqS7aXjBcRXl3wHoD9Q==",
      "license": "BSD-3-Clause"
    },
    "node_modules/@protobufjs/path": {
      "version": "1.1.2",
      "resolved": "https://registry.npmjs.org/@protobufjs/path/-/path-1.1.2.tgz",
      "integrity": "sha512-6JOcJ5Tm08dOHAbdR3GrvP+yUUfkjG5ePsHYczMFLq3ZmMkAD98cDgcT2iA1lJ9NVwFd4tH/iSSoe44YWkltEA==",
      "license": "BSD-3-Clause"
    },
    "node_modules/@protobufjs/pool": {
      "version": "1.1.0",
      "resolved": "https://registry.npmjs.org/@protobufjs/pool/-/pool-1.1.0.tgz",
      "integrity": "sha512-0kELaGSIDBKvcgS4zkjz1PeddatrjYcmMWOlAuAPwAeccUrPHdUqo/J6LiymHHEiJT5NrF1UVwxY14f+fy4WQw==",
      "license": "BSD-3-Clause"
    },
    "node_modules/@protobufjs/utf8": {
      "version": "1.1.0",
      "resolved": "https://registry.npmjs.org/@protobufjs/utf8/-/utf8-1.1.0.tgz",
      "integrity": "sha512-Vvn3zZrhQZkkBE8LSuW3em98c0FwgO4nxzv6OdSxPKJIEKY2bGbHn+mhGIPerzI4twdxaP8/0+06HBpwf345Lw==",
      "license": "BSD-3-Clause"
    },
    "node_modules/@types/node": {
      "version": "25.0.9",
      "resolved": "https://registry.npmjs.org/@types/node/-/node-25.0.9.tgz",
      "integrity": "sha512-/rpCXHlCWeqClNBwUhDcusJxXYDjZTyE8v5oTO7WbL8eij2nKhUeU89/6xgjU7N4/Vh3He0BtyhJdQbDyhiXAw==",
      "license": "MIT",
      "dependencies": {
        "undici-types": "~7.16.0"
      }
    },
    "node_modules/lodash.merge": {
      "version": "4.6.2",
      "resolved": "https://registry.npmjs.org/lodash.merge/-/lodash.merge-4.6.2.tgz",
      "integrity": "sha512-0KpjqXRVvrYyCsX1swR/XTK0va6VQkQM6MNo7PqW77ByjAhoARA8EfrP1N4+KlKj8YS0ZUCtRT/YUuhyYDujIQ==",
      "license": "MIT"
    },
    "node_modules/long": {
      "version": "5.3.2",
      "resolved": "https://registry.npmjs.org/long/-/long-5.3.2.tgz",
      "integrity": "sha512-mNAgZ1GmyNhD7AuqnTG3/VQ26o760+ZYBPKjPvugO8+nLbYfX6TVpJPseBvopbdY+qpZ/lKUnmEc1LeZYS3QAA==",
      "license": "Apache-2.0"
    },
    "node_modules/protobufjs": {
      "version": "7.5.4",
      "resolved": "https://registry.npmjs.org/protobufjs/-/protobufjs-7.5.4.tgz",
      "integrity": "sha512-CvexbZtbov6jW2eXAvLukXjXUW1TzFaivC46BpWc/3BpcCysb5Vffu+B3XHMm8lVEuy2Mm4XGex8hBSg1yapPg==",
      "hasInstallScript": true,
      "license": "BSD-3-Clause",
      "dependencies": {
        "@protobufjs/aspromise": "^1.1.2",
        "@protobufjs/base64": "^1.1.2",
        "@protobufjs/codegen": "^2.0.4",
        "@protobufjs/eventemitter": "^1.1.0",
        "@protobufjs/fetch": "^1.1.0",
        "@protobufjs/float": "^1.0.2",
        "@protobufjs/inquire": "^1.1.0",
        "@protobufjs/path": "^1.1.2",
        "@protobufjs/pool": "^1.1.0",
        "@protobufjs/utf8": "^1.1.0",
        "@types/node": ">=13.7.0",
        "long": "^5.0.0"
      },
      "engines": {
        "node": ">=12.0.0"
      }
    },
    "node_modules/semver": {
      "version": "7.7.3",
      "resolved": "https://registry.npmjs.org/semver/-/semver-7.7.3.tgz",
      "integrity": "sha512-SdsKMrI9TdgjdweUSR9MweHA4EJ8YxHn8DFaDisvhVlUOe4BF1tLD7GAj0lIqWVl+dPb/rExr0Btby5loQm20Q==",
      "license": "ISC",
      "bin": {
        "semver": "bin/semver.js"
      },
      "engines": {
        "node": ">=10"
      }
    },
    "node_modules/undici-types": {
      "version": "7.16.0",
      "resolved": "https://registry.npmjs.org/undici-types/-/undici-types-7.16.0.tgz",
      "integrity": "sha512-Zz+aZWSj8LE6zoxD+xrjh4VfkIG8Ya6LvYkZqtUQGJPZjYl53ypCaUwWqo7eI0x66KBGeRo+mlBEkMSeSZ38Nw==",
      "license": "MIT"
    }
  }
}
